{
  "object": {
    "pins": [
      {
        "package": "Charts",
        "repositoryURL": "https://github.com/danielgindi/Charts",
        "state": {
          "branch": null,
          "revision": "dbf7fa2891270f88aeafc872ea0beddb344af94b",
          "version": "3.4.0"
        }
      },
      {
        "package": "ORSSerialPort",
        "repositoryURL": "https://github.com/armadsen/ORSSerialPort",
        "state": {
          "branch": null,
          "revision": "58a8cc454304e22280f184c2d2e25ecb3d5a74c5",
          "version": "2.1.0"
        }
      },
      {
        "package": "Surge",
        "repositoryURL": "https://github.com/Jounce/Surge",
        "state": {
          "branch": null,
          "revision": "b9777a8d0c1df1ed0a22d238fb987c60d13513ac",
          "version": "2.3.0"
        }
      }
    ]
  },
  "version": 1
}
