{
  "object": {
    "pins": [
      {
        "package": "Charts",
        "repositoryURL": "https://github.com/danielgindi/Charts",
        "state": {
          "branch": null,
          "revision": "dbf7fa2891270f88aeafc872ea0beddb344af94b",
          "version": "3.4.0"
        }
      },
      {
        "package": "Surge",
        "repositoryURL": "https://github.com/Jounce/Surge",
        "state": {
          "branch": null,
          "revision": "b9777a8d0c1df1ed0a22d238fb987c60d13513ac",
          "version": "2.3.0"
        }
      },
      {
        "package": "SwiftShell",
        "repositoryURL": "https://github.com/kareman/SwiftShell",
        "state": {
          "branch": null,
          "revision": "fb7fc2c9ad8811caf324431a508fb79e3fb74f99",
          "version": "5.0.1"
        }
      }
    ]
  },
  "version": 1
}
